
Microsoft Visual Studio Solution File, Format Version 12.00
# Visual Studio Version 17
VisualStudioVersion = 17.14.36414.22 d17.14
MinimumVisualStudioVersion = 10.0.40219.1
Project("{FAE04EC0-301F-11D3-BF4B-00C04F79EFBC}") = "MyFirstApp", "MyFirstApp\MyFirstApp.csproj", "{5A035F61-F15E-4753-8E08-6DC81E5EAAE8}"
EndProject
Global
	GlobalSection(SolutionConfigurationPlatforms) = preSolution
		Debug|Any CPU = Debug|Any CPU
		Release|Any CPU = Release|Any CPU
	EndGlobalSection
	GlobalSection(ProjectConfigurationPlatforms) = postSolution
		{5A035F61-F15E-4753-8E08-6DC81E5EAAE8}.Debug|Any CPU.ActiveCfg = Debug|Any CPU
		{5A035F61-F15E-4753-8E08-6DC81E5EAAE8}.Debug|Any CPU.Build.0 = Debug|Any CPU
		{5A035F61-F15E-4753-8E08-6DC81E5EAAE8}.Release|Any CPU.ActiveCfg = Release|Any CPU
		{5A035F61-F15E-4753-8E08-6DC81E5EAAE8}.Release|Any CPU.Build.0 = Release|Any CPU
	EndGlobalSection
	GlobalSection(SolutionProperties) = preSolution
		HideSolutionNode = FALSE
	EndGlobalSection
	GlobalSection(ExtensibilityGlobals) = postSolution
		SolutionGuid = {289D0B8B-1F62-49BD-9B59-AB696A2F2A07}
	EndGlobalSection
EndGlobal
